// !$*UTF8*$!
{
	archiveVersion = 1;
	classes = {
	};
	objectVersion = 50;
	objects = {

/* Begin PBXBuildFile section */
		8592432A23AC3EAF004CE61F /* AppDelegate.swift in Sources */ = {isa = PBXBuildFile; fileRef = 8592432923AC3EAF004CE61F /* AppDelegate.swift */; };
		8592432C23AC3EAF004CE61F /* ViewController.swift in Sources */ = {isa = PBXBuildFile; fileRef = 8592432B23AC3EAF004CE61F /* ViewController.swift */; };
		8592432E23AC3EB0004CE61F /* Assets.xcassets in Resources */ = {isa = PBXBuildFile; fileRef = 8592432D23AC3EB0004CE61F /* Assets.xcassets */; };
		8592433123AC3EB0004CE61F /* Main.storyboard in Resources */ = {isa = PBXBuildFile; fileRef = 8592432F23AC3EB0004CE61F /* Main.storyboard */; };
		8592433A23AC41C8004CE61F /* Parser.swift in Sources */ = {isa = PBXBuildFile; fileRef = 8592433923AC41C8004CE61F /* Parser.swift */; };
		8592433D23AC689E004CE61F /* CandleStick.swift in Sources */ = {isa = PBXBuildFile; fileRef = 8592433C23AC689E004CE61F /* CandleStick.swift */; };
		8592434023AC7A19004CE61F /* String+Extensions.swift in Sources */ = {isa = PBXBuildFile; fileRef = 8592433F23AC7A19004CE61F /* String+Extensions.swift */; };
		8592434223AD403E004CE61F /* Signal.swift in Sources */ = {isa = PBXBuildFile; fileRef = 8592434123AD403E004CE61F /* Signal.swift */; };
		8592434423AD9A97004CE61F /* PriceBar.swift in Sources */ = {isa = PBXBuildFile; fileRef = 8592434323AD9A97004CE61F /* PriceBar.swift */; };
		8592434623AD9CBB004CE61F /* Chart.swift in Sources */ = {isa = PBXBuildFile; fileRef = 8592434523AD9CBB004CE61F /* Chart.swift */; };
		8592434823AD9DA0004CE61F /* Date+Extensions.swift in Sources */ = {isa = PBXBuildFile; fileRef = 8592434723AD9DA0004CE61F /* Date+Extensions.swift */; };
		8592434A23ADA036004CE61F /* ChartBuilder.swift in Sources */ = {isa = PBXBuildFile; fileRef = 8592434923ADA036004CE61F /* ChartBuilder.swift */; };
		8592434D23ADABA7004CE61F /* Indicators.swift in Sources */ = {isa = PBXBuildFile; fileRef = 8592434C23ADABA7004CE61F /* Indicators.swift */; };
		8592434F23ADE06E004CE61F /* Trade.swift in Sources */ = {isa = PBXBuildFile; fileRef = 8592434E23ADE06E004CE61F /* Trade.swift */; };
		8592435223ADE182004CE61F /* Trader.swift in Sources */ = {isa = PBXBuildFile; fileRef = 8592435123ADE182004CE61F /* Trader.swift */; };
		8592435423AF1AE4004CE61F /* Pullback.swift in Sources */ = {isa = PBXBuildFile; fileRef = 8592435323AF1AE4004CE61F /* Pullback.swift */; };
		8592435623B00CC6004CE61F /* Position.swift in Sources */ = {isa = PBXBuildFile; fileRef = 8592435523B00CC6004CE61F /* Position.swift */; };
		8592435823B14DD5004CE61F /* StopLoss.swift in Sources */ = {isa = PBXBuildFile; fileRef = 8592435723B14DD5004CE61F /* StopLoss.swift */; };
		8592435D23B15643004CE61F /* Session.swift in Sources */ = {isa = PBXBuildFile; fileRef = 8592435C23B15643004CE61F /* Session.swift */; };
/* End PBXBuildFile section */

/* Begin PBXFileReference section */
		8592432623AC3EAF004CE61F /* AbletrendTrader.app */ = {isa = PBXFileReference; explicitFileType = wrapper.application; includeInIndex = 0; path = AbletrendTrader.app; sourceTree = BUILT_PRODUCTS_DIR; };
		8592432923AC3EAF004CE61F /* AppDelegate.swift */ = {isa = PBXFileReference; lastKnownFileType = sourcecode.swift; path = AppDelegate.swift; sourceTree = "<group>"; };
		8592432B23AC3EAF004CE61F /* ViewController.swift */ = {isa = PBXFileReference; lastKnownFileType = sourcecode.swift; path = ViewController.swift; sourceTree = "<group>"; };
		8592432D23AC3EB0004CE61F /* Assets.xcassets */ = {isa = PBXFileReference; lastKnownFileType = folder.assetcatalog; path = Assets.xcassets; sourceTree = "<group>"; };
		8592433023AC3EB0004CE61F /* Base */ = {isa = PBXFileReference; lastKnownFileType = file.storyboard; name = Base; path = Base.lproj/Main.storyboard; sourceTree = "<group>"; };
		8592433223AC3EB0004CE61F /* Info.plist */ = {isa = PBXFileReference; lastKnownFileType = text.plist.xml; path = Info.plist; sourceTree = "<group>"; };
		8592433323AC3EB0004CE61F /* AbletrendTrader.entitlements */ = {isa = PBXFileReference; lastKnownFileType = text.plist.entitlements; path = AbletrendTrader.entitlements; sourceTree = "<group>"; };
		8592433923AC41C8004CE61F /* Parser.swift */ = {isa = PBXFileReference; lastKnownFileType = sourcecode.swift; path = Parser.swift; sourceTree = "<group>"; };
		8592433C23AC689E004CE61F /* CandleStick.swift */ = {isa = PBXFileReference; lastKnownFileType = sourcecode.swift; path = CandleStick.swift; sourceTree = "<group>"; };
		8592433F23AC7A19004CE61F /* String+Extensions.swift */ = {isa = PBXFileReference; lastKnownFileType = sourcecode.swift; path = "String+Extensions.swift"; sourceTree = "<group>"; };
		8592434123AD403E004CE61F /* Signal.swift */ = {isa = PBXFileReference; lastKnownFileType = sourcecode.swift; path = Signal.swift; sourceTree = "<group>"; };
		8592434323AD9A97004CE61F /* PriceBar.swift */ = {isa = PBXFileReference; lastKnownFileType = sourcecode.swift; path = PriceBar.swift; sourceTree = "<group>"; };
		8592434523AD9CBB004CE61F /* Chart.swift */ = {isa = PBXFileReference; lastKnownFileType = sourcecode.swift; path = Chart.swift; sourceTree = "<group>"; };
		8592434723AD9DA0004CE61F /* Date+Extensions.swift */ = {isa = PBXFileReference; lastKnownFileType = sourcecode.swift; path = "Date+Extensions.swift"; sourceTree = "<group>"; };
		8592434923ADA036004CE61F /* ChartBuilder.swift */ = {isa = PBXFileReference; lastKnownFileType = sourcecode.swift; path = ChartBuilder.swift; sourceTree = "<group>"; };
		8592434C23ADABA7004CE61F /* Indicators.swift */ = {isa = PBXFileReference; lastKnownFileType = sourcecode.swift; path = Indicators.swift; sourceTree = "<group>"; };
		8592434E23ADE06E004CE61F /* Trade.swift */ = {isa = PBXFileReference; lastKnownFileType = sourcecode.swift; path = Trade.swift; sourceTree = "<group>"; };
		8592435123ADE182004CE61F /* Trader.swift */ = {isa = PBXFileReference; lastKnownFileType = sourcecode.swift; path = Trader.swift; sourceTree = "<group>"; };
		8592435323AF1AE4004CE61F /* Pullback.swift */ = {isa = PBXFileReference; lastKnownFileType = sourcecode.swift; path = Pullback.swift; sourceTree = "<group>"; };
		8592435523B00CC6004CE61F /* Position.swift */ = {isa = PBXFileReference; lastKnownFileType = sourcecode.swift; path = Position.swift; sourceTree = "<group>"; };
		8592435723B14DD5004CE61F /* StopLoss.swift */ = {isa = PBXFileReference; lastKnownFileType = sourcecode.swift; path = StopLoss.swift; sourceTree = "<group>"; };
		8592435C23B15643004CE61F /* Session.swift */ = {isa = PBXFileReference; lastKnownFileType = sourcecode.swift; path = Session.swift; sourceTree = "<group>"; };
/* End PBXFileReference section */

/* Begin PBXFrameworksBuildPhase section */
		8592432323AC3EAF004CE61F /* Frameworks */ = {
			isa = PBXFrameworksBuildPhase;
			buildActionMask = 2147483647;
			files = (
			);
			runOnlyForDeploymentPostprocessing = 0;
		};
/* End PBXFrameworksBuildPhase section */

/* Begin PBXGroup section */
		8592431D23AC3EAF004CE61F = {
			isa = PBXGroup;
			children = (
				8592432823AC3EAF004CE61F /* AbletrendTrader */,
				8592432723AC3EAF004CE61F /* Products */,
			);
			sourceTree = "<group>";
		};
		8592432723AC3EAF004CE61F /* Products */ = {
			isa = PBXGroup;
			children = (
				8592432623AC3EAF004CE61F /* AbletrendTrader.app */,
			);
			name = Products;
			sourceTree = "<group>";
		};
		8592432823AC3EAF004CE61F /* AbletrendTrader */ = {
			isa = PBXGroup;
			children = (
				8592433E23AC7A08004CE61F /* Extension */,
				8592433B23AC688F004CE61F /* Models */,
				8592434B23ADA041004CE61F /* Builders */,
				8592435023ADE168004CE61F /* Logic */,
				8592432923AC3EAF004CE61F /* AppDelegate.swift */,
				8592432B23AC3EAF004CE61F /* ViewController.swift */,
				8592432D23AC3EB0004CE61F /* Assets.xcassets */,
				8592432F23AC3EB0004CE61F /* Main.storyboard */,
				8592433223AC3EB0004CE61F /* Info.plist */,
				8592433323AC3EB0004CE61F /* AbletrendTrader.entitlements */,
			);
			path = AbletrendTrader;
			sourceTree = "<group>";
		};
		8592433B23AC688F004CE61F /* Models */ = {
			isa = PBXGroup;
			children = (
				8592435B23B155CC004CE61F /* Logic */,
				8592435A23B1559E004CE61F /* Trade */,
				8592435923B15571004CE61F /* Chart */,
			);
			path = Models;
			sourceTree = "<group>";
		};
		8592433E23AC7A08004CE61F /* Extension */ = {
			isa = PBXGroup;
			children = (
				8592433F23AC7A19004CE61F /* String+Extensions.swift */,
				8592434723AD9DA0004CE61F /* Date+Extensions.swift */,
			);
			path = Extension;
			sourceTree = "<group>";
		};
		8592434B23ADA041004CE61F /* Builders */ = {
			isa = PBXGroup;
			children = (
				8592433923AC41C8004CE61F /* Parser.swift */,
				8592434923ADA036004CE61F /* ChartBuilder.swift */,
			);
			path = Builders;
			sourceTree = "<group>";
		};
		8592435023ADE168004CE61F /* Logic */ = {
			isa = PBXGroup;
			children = (
				8592435123ADE182004CE61F /* Trader.swift */,
			);
			path = Logic;
			sourceTree = "<group>";
		};
		8592435923B15571004CE61F /* Chart */ = {
			isa = PBXGroup;
			children = (
				8592433C23AC689E004CE61F /* CandleStick.swift */,
				8592434123AD403E004CE61F /* Signal.swift */,
				8592434323AD9A97004CE61F /* PriceBar.swift */,
				8592434523AD9CBB004CE61F /* Chart.swift */,
				8592434C23ADABA7004CE61F /* Indicators.swift */,
			);
			path = Chart;
			sourceTree = "<group>";
		};
		8592435A23B1559E004CE61F /* Trade */ = {
			isa = PBXGroup;
			children = (
				8592434E23ADE06E004CE61F /* Trade.swift */,
				8592435523B00CC6004CE61F /* Position.swift */,
				8592435723B14DD5004CE61F /* StopLoss.swift */,
			);
			path = Trade;
			sourceTree = "<group>";
		};
		8592435B23B155CC004CE61F /* Logic */ = {
			isa = PBXGroup;
			children = (
				8592435323AF1AE4004CE61F /* Pullback.swift */,
				8592435C23B15643004CE61F /* Session.swift */,
			);
			path = Logic;
			sourceTree = "<group>";
		};
/* End PBXGroup section */

/* Begin PBXNativeTarget section */
		8592432523AC3EAF004CE61F /* AbletrendTrader */ = {
			isa = PBXNativeTarget;
			buildConfigurationList = 8592433623AC3EB0004CE61F /* Build configuration list for PBXNativeTarget "AbletrendTrader" */;
			buildPhases = (
				8592432223AC3EAF004CE61F /* Sources */,
				8592432323AC3EAF004CE61F /* Frameworks */,
				8592432423AC3EAF004CE61F /* Resources */,
			);
			buildRules = (
			);
			dependencies = (
			);
			name = AbletrendTrader;
			productName = AbletrendTrader;
			productReference = 8592432623AC3EAF004CE61F /* AbletrendTrader.app */;
			productType = "com.apple.product-type.application";
		};
/* End PBXNativeTarget section */

/* Begin PBXProject section */
		8592431E23AC3EAF004CE61F /* Project object */ = {
			isa = PBXProject;
			attributes = {
				LastSwiftUpdateCheck = 1130;
				LastUpgradeCheck = 1130;
				ORGANIZATIONNAME = LeonChen;
				TargetAttributes = {
					8592432523AC3EAF004CE61F = {
						CreatedOnToolsVersion = 11.3;
					};
				};
			};
			buildConfigurationList = 8592432123AC3EAF004CE61F /* Build configuration list for PBXProject "AbletrendTrader" */;
			compatibilityVersion = "Xcode 9.3";
			developmentRegion = en;
			hasScannedForEncodings = 0;
			knownRegions = (
				en,
				Base,
			);
			mainGroup = 8592431D23AC3EAF004CE61F;
			productRefGroup = 8592432723AC3EAF004CE61F /* Products */;
			projectDirPath = "";
			projectRoot = "";
			targets = (
				8592432523AC3EAF004CE61F /* AbletrendTrader */,
			);
		};
/* End PBXProject section */

/* Begin PBXResourcesBuildPhase section */
		8592432423AC3EAF004CE61F /* Resources */ = {
			isa = PBXResourcesBuildPhase;
			buildActionMask = 2147483647;
			files = (
				8592432E23AC3EB0004CE61F /* Assets.xcassets in Resources */,
				8592433123AC3EB0004CE61F /* Main.storyboard in Resources */,
			);
			runOnlyForDeploymentPostprocessing = 0;
		};
/* End PBXResourcesBuildPhase section */

/* Begin PBXSourcesBuildPhase section */
		8592432223AC3EAF004CE61F /* Sources */ = {
			isa = PBXSourcesBuildPhase;
			buildActionMask = 2147483647;
			files = (
				8592435823B14DD5004CE61F /* StopLoss.swift in Sources */,
				8592435D23B15643004CE61F /* Session.swift in Sources */,
				8592434623AD9CBB004CE61F /* Chart.swift in Sources */,
				8592434023AC7A19004CE61F /* String+Extensions.swift in Sources */,
				8592434F23ADE06E004CE61F /* Trade.swift in Sources */,
				8592434823AD9DA0004CE61F /* Date+Extensions.swift in Sources */,
				8592434223AD403E004CE61F /* Signal.swift in Sources */,
				8592434A23ADA036004CE61F /* ChartBuilder.swift in Sources */,
				8592434423AD9A97004CE61F /* PriceBar.swift in Sources */,
				8592432C23AC3EAF004CE61F /* ViewController.swift in Sources */,
				8592435623B00CC6004CE61F /* Position.swift in Sources */,
				8592435423AF1AE4004CE61F /* Pullback.swift in Sources */,
				8592433D23AC689E004CE61F /* CandleStick.swift in Sources */,
				8592434D23ADABA7004CE61F /* Indicators.swift in Sources */,
				8592432A23AC3EAF004CE61F /* AppDelegate.swift in Sources */,
				8592435223ADE182004CE61F /* Trader.swift in Sources */,
				8592433A23AC41C8004CE61F /* Parser.swift in Sources */,
			);
			runOnlyForDeploymentPostprocessing = 0;
		};
/* End PBXSourcesBuildPhase section */

/* Begin PBXVariantGroup section */
		8592432F23AC3EB0004CE61F /* Main.storyboard */ = {
			isa = PBXVariantGroup;
			children = (
				8592433023AC3EB0004CE61F /* Base */,
			);
			name = Main.storyboard;
			sourceTree = "<group>";
		};
/* End PBXVariantGroup section */

/* Begin XCBuildConfiguration section */
		8592433423AC3EB0004CE61F /* Debug */ = {
			isa = XCBuildConfiguration;
			buildSettings = {
				ALWAYS_SEARCH_USER_PATHS = NO;
				CLANG_ANALYZER_NONNULL = YES;
				CLANG_ANALYZER_NUMBER_OBJECT_CONVERSION = YES_AGGRESSIVE;
				CLANG_CXX_LANGUAGE_STANDARD = "gnu++14";
				CLANG_CXX_LIBRARY = "libc++";
				CLANG_ENABLE_MODULES = YES;
				CLANG_ENABLE_OBJC_ARC = YES;
				CLANG_ENABLE_OBJC_WEAK = YES;
				CLANG_WARN_BLOCK_CAPTURE_AUTORELEASING = YES;
				CLANG_WARN_BOOL_CONVERSION = YES;
				CLANG_WARN_COMMA = YES;
				CLANG_WARN_CONSTANT_CONVERSION = YES;
				CLANG_WARN_DEPRECATED_OBJC_IMPLEMENTATIONS = YES;
				CLANG_WARN_DIRECT_OBJC_ISA_USAGE = YES_ERROR;
				CLANG_WARN_DOCUMENTATION_COMMENTS = YES;
				CLANG_WARN_EMPTY_BODY = YES;
				CLANG_WARN_ENUM_CONVERSION = YES;
				CLANG_WARN_INFINITE_RECURSION = YES;
				CLANG_WARN_INT_CONVERSION = YES;
				CLANG_WARN_NON_LITERAL_NULL_CONVERSION = YES;
				CLANG_WARN_OBJC_IMPLICIT_RETAIN_SELF = YES;
				CLANG_WARN_OBJC_LITERAL_CONVERSION = YES;
				CLANG_WARN_OBJC_ROOT_CLASS = YES_ERROR;
				CLANG_WARN_RANGE_LOOP_ANALYSIS = YES;
				CLANG_WARN_STRICT_PROTOTYPES = YES;
				CLANG_WARN_SUSPICIOUS_MOVE = YES;
				CLANG_WARN_UNGUARDED_AVAILABILITY = YES_AGGRESSIVE;
				CLANG_WARN_UNREACHABLE_CODE = YES;
				CLANG_WARN__DUPLICATE_METHOD_MATCH = YES;
				COPY_PHASE_STRIP = NO;
				DEBUG_INFORMATION_FORMAT = dwarf;
				ENABLE_STRICT_OBJC_MSGSEND = YES;
				ENABLE_TESTABILITY = YES;
				GCC_C_LANGUAGE_STANDARD = gnu11;
				GCC_DYNAMIC_NO_PIC = NO;
				GCC_NO_COMMON_BLOCKS = YES;
				GCC_OPTIMIZATION_LEVEL = 0;
				GCC_PREPROCESSOR_DEFINITIONS = (
					"DEBUG=1",
					"$(inherited)",
				);
				GCC_WARN_64_TO_32_BIT_CONVERSION = YES;
				GCC_WARN_ABOUT_RETURN_TYPE = YES_ERROR;
				GCC_WARN_UNDECLARED_SELECTOR = YES;
				GCC_WARN_UNINITIALIZED_AUTOS = YES_AGGRESSIVE;
				GCC_WARN_UNUSED_FUNCTION = YES;
				GCC_WARN_UNUSED_VARIABLE = YES;
				MACOSX_DEPLOYMENT_TARGET = 10.14;
				MTL_ENABLE_DEBUG_INFO = INCLUDE_SOURCE;
				MTL_FAST_MATH = YES;
				ONLY_ACTIVE_ARCH = YES;
				SDKROOT = macosx;
				SWIFT_ACTIVE_COMPILATION_CONDITIONS = DEBUG;
				SWIFT_OPTIMIZATION_LEVEL = "-Onone";
			};
			name = Debug;
		};
		8592433523AC3EB0004CE61F /* Release */ = {
			isa = XCBuildConfiguration;
			buildSettings = {
				ALWAYS_SEARCH_USER_PATHS = NO;
				CLANG_ANALYZER_NONNULL = YES;
				CLANG_ANALYZER_NUMBER_OBJECT_CONVERSION = YES_AGGRESSIVE;
				CLANG_CXX_LANGUAGE_STANDARD = "gnu++14";
				CLANG_CXX_LIBRARY = "libc++";
				CLANG_ENABLE_MODULES = YES;
				CLANG_ENABLE_OBJC_ARC = YES;
				CLANG_ENABLE_OBJC_WEAK = YES;
				CLANG_WARN_BLOCK_CAPTURE_AUTORELEASING = YES;
				CLANG_WARN_BOOL_CONVERSION = YES;
				CLANG_WARN_COMMA = YES;
				CLANG_WARN_CONSTANT_CONVERSION = YES;
				CLANG_WARN_DEPRECATED_OBJC_IMPLEMENTATIONS = YES;
				CLANG_WARN_DIRECT_OBJC_ISA_USAGE = YES_ERROR;
				CLANG_WARN_DOCUMENTATION_COMMENTS = YES;
				CLANG_WARN_EMPTY_BODY = YES;
				CLANG_WARN_ENUM_CONVERSION = YES;
				CLANG_WARN_INFINITE_RECURSION = YES;
				CLANG_WARN_INT_CONVERSION = YES;
				CLANG_WARN_NON_LITERAL_NULL_CONVERSION = YES;
				CLANG_WARN_OBJC_IMPLICIT_RETAIN_SELF = YES;
				CLANG_WARN_OBJC_LITERAL_CONVERSION = YES;
				CLANG_WARN_OBJC_ROOT_CLASS = YES_ERROR;
				CLANG_WARN_RANGE_LOOP_ANALYSIS = YES;
				CLANG_WARN_STRICT_PROTOTYPES = YES;
				CLANG_WARN_SUSPICIOUS_MOVE = YES;
				CLANG_WARN_UNGUARDED_AVAILABILITY = YES_AGGRESSIVE;
				CLANG_WARN_UNREACHABLE_CODE = YES;
				CLANG_WARN__DUPLICATE_METHOD_MATCH = YES;
				COPY_PHASE_STRIP = NO;
				DEBUG_INFORMATION_FORMAT = "dwarf-with-dsym";
				ENABLE_NS_ASSERTIONS = NO;
				ENABLE_STRICT_OBJC_MSGSEND = YES;
				GCC_C_LANGUAGE_STANDARD = gnu11;
				GCC_NO_COMMON_BLOCKS = YES;
				GCC_WARN_64_TO_32_BIT_CONVERSION = YES;
				GCC_WARN_ABOUT_RETURN_TYPE = YES_ERROR;
				GCC_WARN_UNDECLARED_SELECTOR = YES;
				GCC_WARN_UNINITIALIZED_AUTOS = YES_AGGRESSIVE;
				GCC_WARN_UNUSED_FUNCTION = YES;
				GCC_WARN_UNUSED_VARIABLE = YES;
				MACOSX_DEPLOYMENT_TARGET = 10.14;
				MTL_ENABLE_DEBUG_INFO = NO;
				MTL_FAST_MATH = YES;
				SDKROOT = macosx;
				SWIFT_COMPILATION_MODE = wholemodule;
				SWIFT_OPTIMIZATION_LEVEL = "-O";
			};
			name = Release;
		};
		8592433723AC3EB0004CE61F /* Debug */ = {
			isa = XCBuildConfiguration;
			buildSettings = {
				ASSETCATALOG_COMPILER_APPICON_NAME = AppIcon;
				CODE_SIGN_ENTITLEMENTS = AbletrendTrader/AbletrendTrader.entitlements;
				CODE_SIGN_STYLE = Automatic;
				COMBINE_HIDPI_IMAGES = YES;
				DEVELOPMENT_TEAM = 7NR72SBAS5;
				ENABLE_HARDENED_RUNTIME = YES;
				INFOPLIST_FILE = AbletrendTrader/Info.plist;
				LD_RUNPATH_SEARCH_PATHS = (
					"$(inherited)",
					"@executable_path/../Frameworks",
				);
				PRODUCT_BUNDLE_IDENTIFIER = com.leonchen.AbletrendTrader;
				PRODUCT_NAME = "$(TARGET_NAME)";
				SWIFT_VERSION = 5.0;
			};
			name = Debug;
		};
		8592433823AC3EB0004CE61F /* Release */ = {
			isa = XCBuildConfiguration;
			buildSettings = {
				ASSETCATALOG_COMPILER_APPICON_NAME = AppIcon;
				CODE_SIGN_ENTITLEMENTS = AbletrendTrader/AbletrendTrader.entitlements;
				CODE_SIGN_STYLE = Automatic;
				COMBINE_HIDPI_IMAGES = YES;
				DEVELOPMENT_TEAM = 7NR72SBAS5;
				ENABLE_HARDENED_RUNTIME = YES;
				INFOPLIST_FILE = AbletrendTrader/Info.plist;
				LD_RUNPATH_SEARCH_PATHS = (
					"$(inherited)",
					"@executable_path/../Frameworks",
				);
				PRODUCT_BUNDLE_IDENTIFIER = com.leonchen.AbletrendTrader;
				PRODUCT_NAME = "$(TARGET_NAME)";
				SWIFT_VERSION = 5.0;
			};
			name = Release;
		};
/* End XCBuildConfiguration section */

/* Begin XCConfigurationList section */
		8592432123AC3EAF004CE61F /* Build configuration list for PBXProject "AbletrendTrader" */ = {
			isa = XCConfigurationList;
			buildConfigurations = (
				8592433423AC3EB0004CE61F /* Debug */,
				8592433523AC3EB0004CE61F /* Release */,
			);
			defaultConfigurationIsVisible = 0;
			defaultConfigurationName = Release;
		};
		8592433623AC3EB0004CE61F /* Build configuration list for PBXNativeTarget "AbletrendTrader" */ = {
			isa = XCConfigurationList;
			buildConfigurations = (
				8592433723AC3EB0004CE61F /* Debug */,
				8592433823AC3EB0004CE61F /* Release */,
			);
			defaultConfigurationIsVisible = 0;
			defaultConfigurationName = Release;
		};
/* End XCConfigurationList section */
	};
	rootObject = 8592431E23AC3EAF004CE61F /* Project object */;
}
