// !$*UTF8*$!
{
	archiveVersion = 1;
	classes = {
	};
	objectVersion = 51;
	objects = {

/* Begin PBXBuildFile section */
		711AC8F5D49C3C0C53B19B09 /* Pods_AbletrendTrader.framework in Frameworks */ = {isa = PBXBuildFile; fileRef = 0C659A7266945B724F5A6D61 /* Pods_AbletrendTrader.framework */; };
		851BAB7323D92788000BC720 /* TradingLogViewController.swift in Sources */ = {isa = PBXBuildFile; fileRef = 851BAB7223D92788000BC720 /* TradingLogViewController.swift */; };
		854A56A023CFD8D800904F11 /* DisplayNumberFormatter.swift in Sources */ = {isa = PBXBuildFile; fileRef = 854A569F23CFD8D800904F11 /* DisplayNumberFormatter.swift */; };
		854A56A423D17F7E00904F11 /* TradesTableRowItem.swift in Sources */ = {isa = PBXBuildFile; fileRef = 854A56A323D17F7E00904F11 /* TradesTableRowItem.swift */; };
		854A56A523D183FD00904F11 /* NTOrderResponse.swift in Sources */ = {isa = PBXBuildFile; fileRef = 854A56A123D1745400904F11 /* NTOrderResponse.swift */; };
		854A56A723D1854900904F11 /* PositionStatus.swift in Sources */ = {isa = PBXBuildFile; fileRef = 854A56A623D1854900904F11 /* PositionStatus.swift */; };
		854B14F723C4F9D50098A4E5 /* PlacedOrderResponse.swift in Sources */ = {isa = PBXBuildFile; fileRef = 854B14F623C4F9D50098A4E5 /* PlacedOrderResponse.swift */; };
		854B14F923C4FA780098A4E5 /* PlacedOrderResponseBuilder.swift in Sources */ = {isa = PBXBuildFile; fileRef = 854B14F823C4FA780098A4E5 /* PlacedOrderResponseBuilder.swift */; };
		854B14FB23C7A7D50098A4E5 /* OrderConfirmation.swift in Sources */ = {isa = PBXBuildFile; fileRef = 854B14FA23C7A7D50098A4E5 /* OrderConfirmation.swift */; };
		85582AB323B5E97800DC16AC /* ChartManager.swift in Sources */ = {isa = PBXBuildFile; fileRef = 85582AB223B5E97800DC16AC /* ChartManager.swift */; };
		856D957C23B73B04004A4385 /* IBManager.swift in Sources */ = {isa = PBXBuildFile; fileRef = 856D957B23B73B04004A4385 /* IBManager.swift */; };
		856D957F23B7FE32004A4385 /* SSOToken.swift in Sources */ = {isa = PBXBuildFile; fileRef = 856D957E23B7FE32004A4385 /* SSOToken.swift */; };
		856D958123B7FED3004A4385 /* AuthStatus.swift in Sources */ = {isa = PBXBuildFile; fileRef = 856D958023B7FED3004A4385 /* AuthStatus.swift */; };
		856D958323B8518A004A4385 /* Account.swift in Sources */ = {isa = PBXBuildFile; fileRef = 856D958223B8518A004A4385 /* Account.swift */; };
		856D958523B85D88004A4385 /* IBTrade.swift in Sources */ = {isa = PBXBuildFile; fileRef = 856D958423B85D88004A4385 /* IBTrade.swift */; };
		856D958723B86039004A4385 /* LiveOrder.swift in Sources */ = {isa = PBXBuildFile; fileRef = 856D958623B86039004A4385 /* LiveOrder.swift */; };
		856D958923B866F1004A4385 /* ErrorResponse.swift in Sources */ = {isa = PBXBuildFile; fileRef = 856D958823B866F1004A4385 /* ErrorResponse.swift */; };
		856D958C23B87B25004A4385 /* SSOTokenBuilder.swift in Sources */ = {isa = PBXBuildFile; fileRef = 856D958B23B87B25004A4385 /* SSOTokenBuilder.swift */; };
		856D959023B898FC004A4385 /* IBAuthViewController.swift in Sources */ = {isa = PBXBuildFile; fileRef = 856D958F23B898FC004A4385 /* IBAuthViewController.swift */; };
		856D959223B9411F004A4385 /* AuthStatusBuilder.swift in Sources */ = {isa = PBXBuildFile; fileRef = 856D959123B9411F004A4385 /* AuthStatusBuilder.swift */; };
		856D959423B94154004A4385 /* AccountsBuilder.swift in Sources */ = {isa = PBXBuildFile; fileRef = 856D959323B94154004A4385 /* AccountsBuilder.swift */; };
		856D959623B95BE5004A4385 /* LiveOrdersResponse.swift in Sources */ = {isa = PBXBuildFile; fileRef = 856D959523B95BE5004A4385 /* LiveOrdersResponse.swift */; };
		856D959823B95C15004A4385 /* LiveOrdersResponseBuilder.swift in Sources */ = {isa = PBXBuildFile; fileRef = 856D959723B95C15004A4385 /* LiveOrdersResponseBuilder.swift */; };
		856D959A23B964B3004A4385 /* OrderQuestionsBuilder.swift in Sources */ = {isa = PBXBuildFile; fileRef = 856D959923B964B3004A4385 /* OrderQuestionsBuilder.swift */; };
		856D959C23B96DB9004A4385 /* IBTradesBuilder.swift in Sources */ = {isa = PBXBuildFile; fileRef = 856D959B23B96DB9004A4385 /* IBTradesBuilder.swift */; };
		856D95A023BA8152004A4385 /* Enums.swift in Sources */ = {isa = PBXBuildFile; fileRef = 856D959F23BA8152004A4385 /* Enums.swift */; };
		856D95A423BA8525004A4385 /* LiveTradingViewController.swift in Sources */ = {isa = PBXBuildFile; fileRef = 856D95A323BA8524004A4385 /* LiveTradingViewController.swift */; };
		856D95A623BAB259004A4385 /* IBPosition.swift in Sources */ = {isa = PBXBuildFile; fileRef = 856D95A523BAB259004A4385 /* IBPosition.swift */; };
		856D95A923BB0635004A4385 /* Question.swift in Sources */ = {isa = PBXBuildFile; fileRef = 856D95A823BB0635004A4385 /* Question.swift */; };
		856D95AC23BB0B78004A4385 /* ErrorResponseBuilder.swift in Sources */ = {isa = PBXBuildFile; fileRef = 856D95AB23BB0B78004A4385 /* ErrorResponseBuilder.swift */; };
		856D95AE23BB0D70004A4385 /* IBPositionsBuilder.swift in Sources */ = {isa = PBXBuildFile; fileRef = 856D95AD23BB0D70004A4385 /* IBPositionsBuilder.swift */; };
		856D95B523BBE180004A4385 /* IBSessionManager.swift in Sources */ = {isa = PBXBuildFile; fileRef = 856D95B423BBE180004A4385 /* IBSessionManager.swift */; };
		8592432A23AC3EAF004CE61F /* AppDelegate.swift in Sources */ = {isa = PBXBuildFile; fileRef = 8592432923AC3EAF004CE61F /* AppDelegate.swift */; };
		8592432C23AC3EAF004CE61F /* SimTradingViewController.swift in Sources */ = {isa = PBXBuildFile; fileRef = 8592432B23AC3EAF004CE61F /* SimTradingViewController.swift */; };
		8592432E23AC3EB0004CE61F /* Assets.xcassets in Resources */ = {isa = PBXBuildFile; fileRef = 8592432D23AC3EB0004CE61F /* Assets.xcassets */; };
		8592433123AC3EB0004CE61F /* Main.storyboard in Resources */ = {isa = PBXBuildFile; fileRef = 8592432F23AC3EB0004CE61F /* Main.storyboard */; };
		8592433A23AC41C8004CE61F /* Parser.swift in Sources */ = {isa = PBXBuildFile; fileRef = 8592433923AC41C8004CE61F /* Parser.swift */; };
		8592433D23AC689E004CE61F /* CandleStick.swift in Sources */ = {isa = PBXBuildFile; fileRef = 8592433C23AC689E004CE61F /* CandleStick.swift */; };
		8592434023AC7A19004CE61F /* String+Extensions.swift in Sources */ = {isa = PBXBuildFile; fileRef = 8592433F23AC7A19004CE61F /* String+Extensions.swift */; };
		8592434223AD403E004CE61F /* Signal.swift in Sources */ = {isa = PBXBuildFile; fileRef = 8592434123AD403E004CE61F /* Signal.swift */; };
		8592434423AD9A97004CE61F /* PriceBar.swift in Sources */ = {isa = PBXBuildFile; fileRef = 8592434323AD9A97004CE61F /* PriceBar.swift */; };
		8592434623AD9CBB004CE61F /* Chart.swift in Sources */ = {isa = PBXBuildFile; fileRef = 8592434523AD9CBB004CE61F /* Chart.swift */; };
		8592434823AD9DA0004CE61F /* Date+Extensions.swift in Sources */ = {isa = PBXBuildFile; fileRef = 8592434723AD9DA0004CE61F /* Date+Extensions.swift */; };
		8592434D23ADABA7004CE61F /* Indicators.swift in Sources */ = {isa = PBXBuildFile; fileRef = 8592434C23ADABA7004CE61F /* Indicators.swift */; };
		8592434F23ADE06E004CE61F /* Trade.swift in Sources */ = {isa = PBXBuildFile; fileRef = 8592434E23ADE06E004CE61F /* Trade.swift */; };
		8592435223ADE182004CE61F /* TraderBot.swift in Sources */ = {isa = PBXBuildFile; fileRef = 8592435123ADE182004CE61F /* TraderBot.swift */; };
		8592435423AF1AE4004CE61F /* Pullback.swift in Sources */ = {isa = PBXBuildFile; fileRef = 8592435323AF1AE4004CE61F /* Pullback.swift */; };
		8592435623B00CC6004CE61F /* Position.swift in Sources */ = {isa = PBXBuildFile; fileRef = 8592435523B00CC6004CE61F /* Position.swift */; };
		8592435823B14DD5004CE61F /* StopLoss.swift in Sources */ = {isa = PBXBuildFile; fileRef = 8592435723B14DD5004CE61F /* StopLoss.swift */; };
		8592435F23B1E59E004CE61F /* ConfigurationManager.swift in Sources */ = {isa = PBXBuildFile; fileRef = 8592435E23B1E59E004CE61F /* ConfigurationManager.swift */; };
		8592436123B55270004CE61F /* Double+Extensions.swift in Sources */ = {isa = PBXBuildFile; fileRef = 8592436023B55270004CE61F /* Double+Extensions.swift */; };
		859820562415E7BA00C5A317 /* NTSettingsViewController.swift in Sources */ = {isa = PBXBuildFile; fileRef = 859820552415E7BA00C5A317 /* NTSettingsViewController.swift */; };
		8598205824168ECA00C5A317 /* DefaultSettings.plist in Resources */ = {isa = PBXBuildFile; fileRef = 8598205724168ECA00C5A317 /* DefaultSettings.plist */; };
		85C193B823CA6B6F00F7CE68 /* NTManager.swift in Sources */ = {isa = PBXBuildFile; fileRef = 85C193B723CA6B6F00F7CE68 /* NTManager.swift */; };
		85C8CED823B7130B00E75F76 /* ConfigViewController.swift in Sources */ = {isa = PBXBuildFile; fileRef = 85C8CED723B7130B00E75F76 /* ConfigViewController.swift */; };
		85C8CEDC23B7235300E75F76 /* ChartViewController.swift in Sources */ = {isa = PBXBuildFile; fileRef = 85C8CEDB23B7235300E75F76 /* ChartViewController.swift */; };
		85FE90D923D3EA9A00B99568 /* NTSessionManager.swift in Sources */ = {isa = PBXBuildFile; fileRef = 85FE90D823D3EA9900B99568 /* NTSessionManager.swift */; };
		85FE90DC23D3EC1200B99568 /* SimSessionManager.swift in Sources */ = {isa = PBXBuildFile; fileRef = 85FE90DB23D3EC1200B99568 /* SimSessionManager.swift */; };
		85FE90DE23D404CF00B99568 /* BaseSessionManager.swift in Sources */ = {isa = PBXBuildFile; fileRef = 85FE90DD23D404CF00B99568 /* BaseSessionManager.swift */; };
/* End PBXBuildFile section */

/* Begin PBXFileReference section */
		0C659A7266945B724F5A6D61 /* Pods_AbletrendTrader.framework */ = {isa = PBXFileReference; explicitFileType = wrapper.framework; includeInIndex = 0; path = Pods_AbletrendTrader.framework; sourceTree = BUILT_PRODUCTS_DIR; };
		7987637B8B2780B3C1E7F8FD /* Pods-AbletrendTrader.debug.xcconfig */ = {isa = PBXFileReference; includeInIndex = 1; lastKnownFileType = text.xcconfig; name = "Pods-AbletrendTrader.debug.xcconfig"; path = "Target Support Files/Pods-AbletrendTrader/Pods-AbletrendTrader.debug.xcconfig"; sourceTree = "<group>"; };
		851BAB7223D92788000BC720 /* TradingLogViewController.swift */ = {isa = PBXFileReference; lastKnownFileType = sourcecode.swift; path = TradingLogViewController.swift; sourceTree = "<group>"; };
		854A569F23CFD8D800904F11 /* DisplayNumberFormatter.swift */ = {isa = PBXFileReference; fileEncoding = 4; lastKnownFileType = sourcecode.swift; path = DisplayNumberFormatter.swift; sourceTree = "<group>"; };
		854A56A123D1745400904F11 /* NTOrderResponse.swift */ = {isa = PBXFileReference; lastKnownFileType = sourcecode.swift; path = NTOrderResponse.swift; sourceTree = "<group>"; };
		854A56A323D17F7E00904F11 /* TradesTableRowItem.swift */ = {isa = PBXFileReference; lastKnownFileType = sourcecode.swift; path = TradesTableRowItem.swift; sourceTree = "<group>"; };
		854A56A623D1854900904F11 /* PositionStatus.swift */ = {isa = PBXFileReference; lastKnownFileType = sourcecode.swift; path = PositionStatus.swift; sourceTree = "<group>"; };
		854B14F623C4F9D50098A4E5 /* PlacedOrderResponse.swift */ = {isa = PBXFileReference; lastKnownFileType = sourcecode.swift; path = PlacedOrderResponse.swift; sourceTree = "<group>"; };
		854B14F823C4FA780098A4E5 /* PlacedOrderResponseBuilder.swift */ = {isa = PBXFileReference; lastKnownFileType = sourcecode.swift; path = PlacedOrderResponseBuilder.swift; sourceTree = "<group>"; };
		854B14FA23C7A7D50098A4E5 /* OrderConfirmation.swift */ = {isa = PBXFileReference; lastKnownFileType = sourcecode.swift; path = OrderConfirmation.swift; sourceTree = "<group>"; };
		85582AB223B5E97800DC16AC /* ChartManager.swift */ = {isa = PBXFileReference; lastKnownFileType = sourcecode.swift; path = ChartManager.swift; sourceTree = "<group>"; };
		856D957B23B73B04004A4385 /* IBManager.swift */ = {isa = PBXFileReference; lastKnownFileType = sourcecode.swift; path = IBManager.swift; sourceTree = "<group>"; };
		856D957E23B7FE32004A4385 /* SSOToken.swift */ = {isa = PBXFileReference; lastKnownFileType = sourcecode.swift; path = SSOToken.swift; sourceTree = "<group>"; };
		856D958023B7FED3004A4385 /* AuthStatus.swift */ = {isa = PBXFileReference; lastKnownFileType = sourcecode.swift; path = AuthStatus.swift; sourceTree = "<group>"; };
		856D958223B8518A004A4385 /* Account.swift */ = {isa = PBXFileReference; lastKnownFileType = sourcecode.swift; path = Account.swift; sourceTree = "<group>"; };
		856D958423B85D88004A4385 /* IBTrade.swift */ = {isa = PBXFileReference; lastKnownFileType = sourcecode.swift; path = IBTrade.swift; sourceTree = "<group>"; };
		856D958623B86039004A4385 /* LiveOrder.swift */ = {isa = PBXFileReference; lastKnownFileType = sourcecode.swift; path = LiveOrder.swift; sourceTree = "<group>"; };
		856D958823B866F1004A4385 /* ErrorResponse.swift */ = {isa = PBXFileReference; lastKnownFileType = sourcecode.swift; path = ErrorResponse.swift; sourceTree = "<group>"; };
		856D958B23B87B25004A4385 /* SSOTokenBuilder.swift */ = {isa = PBXFileReference; lastKnownFileType = sourcecode.swift; path = SSOTokenBuilder.swift; sourceTree = "<group>"; };
		856D958F23B898FC004A4385 /* IBAuthViewController.swift */ = {isa = PBXFileReference; lastKnownFileType = sourcecode.swift; path = IBAuthViewController.swift; sourceTree = "<group>"; };
		856D959123B9411F004A4385 /* AuthStatusBuilder.swift */ = {isa = PBXFileReference; lastKnownFileType = sourcecode.swift; path = AuthStatusBuilder.swift; sourceTree = "<group>"; };
		856D959323B94154004A4385 /* AccountsBuilder.swift */ = {isa = PBXFileReference; lastKnownFileType = sourcecode.swift; path = AccountsBuilder.swift; sourceTree = "<group>"; };
		856D959523B95BE5004A4385 /* LiveOrdersResponse.swift */ = {isa = PBXFileReference; lastKnownFileType = sourcecode.swift; path = LiveOrdersResponse.swift; sourceTree = "<group>"; };
		856D959723B95C15004A4385 /* LiveOrdersResponseBuilder.swift */ = {isa = PBXFileReference; lastKnownFileType = sourcecode.swift; path = LiveOrdersResponseBuilder.swift; sourceTree = "<group>"; };
		856D959923B964B3004A4385 /* OrderQuestionsBuilder.swift */ = {isa = PBXFileReference; lastKnownFileType = sourcecode.swift; path = OrderQuestionsBuilder.swift; sourceTree = "<group>"; };
		856D959B23B96DB9004A4385 /* IBTradesBuilder.swift */ = {isa = PBXFileReference; lastKnownFileType = sourcecode.swift; path = IBTradesBuilder.swift; sourceTree = "<group>"; };
		856D959F23BA8152004A4385 /* Enums.swift */ = {isa = PBXFileReference; lastKnownFileType = sourcecode.swift; path = Enums.swift; sourceTree = "<group>"; };
		856D95A323BA8524004A4385 /* LiveTradingViewController.swift */ = {isa = PBXFileReference; lastKnownFileType = sourcecode.swift; path = LiveTradingViewController.swift; sourceTree = "<group>"; };
		856D95A523BAB259004A4385 /* IBPosition.swift */ = {isa = PBXFileReference; lastKnownFileType = sourcecode.swift; path = IBPosition.swift; sourceTree = "<group>"; };
		856D95A823BB0635004A4385 /* Question.swift */ = {isa = PBXFileReference; lastKnownFileType = sourcecode.swift; path = Question.swift; sourceTree = "<group>"; };
		856D95AB23BB0B78004A4385 /* ErrorResponseBuilder.swift */ = {isa = PBXFileReference; lastKnownFileType = sourcecode.swift; path = ErrorResponseBuilder.swift; sourceTree = "<group>"; };
		856D95AD23BB0D70004A4385 /* IBPositionsBuilder.swift */ = {isa = PBXFileReference; lastKnownFileType = sourcecode.swift; path = IBPositionsBuilder.swift; sourceTree = "<group>"; };
		856D95B423BBE180004A4385 /* IBSessionManager.swift */ = {isa = PBXFileReference; lastKnownFileType = sourcecode.swift; path = IBSessionManager.swift; sourceTree = "<group>"; };
		8592432623AC3EAF004CE61F /* AbletrendTrader.app */ = {isa = PBXFileReference; explicitFileType = wrapper.application; includeInIndex = 0; path = AbletrendTrader.app; sourceTree = BUILT_PRODUCTS_DIR; };
		8592432923AC3EAF004CE61F /* AppDelegate.swift */ = {isa = PBXFileReference; lastKnownFileType = sourcecode.swift; path = AppDelegate.swift; sourceTree = "<group>"; };
		8592432B23AC3EAF004CE61F /* SimTradingViewController.swift */ = {isa = PBXFileReference; lastKnownFileType = sourcecode.swift; path = SimTradingViewController.swift; sourceTree = "<group>"; };
		8592432D23AC3EB0004CE61F /* Assets.xcassets */ = {isa = PBXFileReference; lastKnownFileType = folder.assetcatalog; path = Assets.xcassets; sourceTree = "<group>"; };
		8592433023AC3EB0004CE61F /* Base */ = {isa = PBXFileReference; lastKnownFileType = file.storyboard; name = Base; path = Base.lproj/Main.storyboard; sourceTree = "<group>"; };
		8592433223AC3EB0004CE61F /* Info.plist */ = {isa = PBXFileReference; lastKnownFileType = text.plist.xml; path = Info.plist; sourceTree = "<group>"; };
		8592433323AC3EB0004CE61F /* AbletrendTrader.entitlements */ = {isa = PBXFileReference; lastKnownFileType = text.plist.entitlements; path = AbletrendTrader.entitlements; sourceTree = "<group>"; };
		8592433923AC41C8004CE61F /* Parser.swift */ = {isa = PBXFileReference; lastKnownFileType = sourcecode.swift; path = Parser.swift; sourceTree = "<group>"; };
		8592433C23AC689E004CE61F /* CandleStick.swift */ = {isa = PBXFileReference; lastKnownFileType = sourcecode.swift; path = CandleStick.swift; sourceTree = "<group>"; };
		8592433F23AC7A19004CE61F /* String+Extensions.swift */ = {isa = PBXFileReference; lastKnownFileType = sourcecode.swift; path = "String+Extensions.swift"; sourceTree = "<group>"; };
		8592434123AD403E004CE61F /* Signal.swift */ = {isa = PBXFileReference; lastKnownFileType = sourcecode.swift; path = Signal.swift; sourceTree = "<group>"; };
		8592434323AD9A97004CE61F /* PriceBar.swift */ = {isa = PBXFileReference; lastKnownFileType = sourcecode.swift; path = PriceBar.swift; sourceTree = "<group>"; };
		8592434523AD9CBB004CE61F /* Chart.swift */ = {isa = PBXFileReference; lastKnownFileType = sourcecode.swift; path = Chart.swift; sourceTree = "<group>"; };
		8592434723AD9DA0004CE61F /* Date+Extensions.swift */ = {isa = PBXFileReference; lastKnownFileType = sourcecode.swift; path = "Date+Extensions.swift"; sourceTree = "<group>"; };
		8592434C23ADABA7004CE61F /* Indicators.swift */ = {isa = PBXFileReference; lastKnownFileType = sourcecode.swift; path = Indicators.swift; sourceTree = "<group>"; };
		8592434E23ADE06E004CE61F /* Trade.swift */ = {isa = PBXFileReference; lastKnownFileType = sourcecode.swift; path = Trade.swift; sourceTree = "<group>"; };
		8592435123ADE182004CE61F /* TraderBot.swift */ = {isa = PBXFileReference; lastKnownFileType = sourcecode.swift; path = TraderBot.swift; sourceTree = "<group>"; };
		8592435323AF1AE4004CE61F /* Pullback.swift */ = {isa = PBXFileReference; lastKnownFileType = sourcecode.swift; path = Pullback.swift; sourceTree = "<group>"; };
		8592435523B00CC6004CE61F /* Position.swift */ = {isa = PBXFileReference; lastKnownFileType = sourcecode.swift; path = Position.swift; sourceTree = "<group>"; };
		8592435723B14DD5004CE61F /* StopLoss.swift */ = {isa = PBXFileReference; lastKnownFileType = sourcecode.swift; path = StopLoss.swift; sourceTree = "<group>"; };
		8592435E23B1E59E004CE61F /* ConfigurationManager.swift */ = {isa = PBXFileReference; lastKnownFileType = sourcecode.swift; path = ConfigurationManager.swift; sourceTree = "<group>"; };
		8592436023B55270004CE61F /* Double+Extensions.swift */ = {isa = PBXFileReference; lastKnownFileType = sourcecode.swift; path = "Double+Extensions.swift"; sourceTree = "<group>"; };
		859820552415E7BA00C5A317 /* NTSettingsViewController.swift */ = {isa = PBXFileReference; lastKnownFileType = sourcecode.swift; path = NTSettingsViewController.swift; sourceTree = "<group>"; };
		8598205724168ECA00C5A317 /* DefaultSettings.plist */ = {isa = PBXFileReference; lastKnownFileType = text.plist.xml; path = DefaultSettings.plist; sourceTree = "<group>"; };
		85C193B723CA6B6F00F7CE68 /* NTManager.swift */ = {isa = PBXFileReference; lastKnownFileType = sourcecode.swift; path = NTManager.swift; sourceTree = "<group>"; };
		85C8CED723B7130B00E75F76 /* ConfigViewController.swift */ = {isa = PBXFileReference; lastKnownFileType = sourcecode.swift; path = ConfigViewController.swift; sourceTree = "<group>"; };
		85C8CEDB23B7235300E75F76 /* ChartViewController.swift */ = {isa = PBXFileReference; lastKnownFileType = sourcecode.swift; path = ChartViewController.swift; sourceTree = "<group>"; };
		85FE90D823D3EA9900B99568 /* NTSessionManager.swift */ = {isa = PBXFileReference; lastKnownFileType = sourcecode.swift; path = NTSessionManager.swift; sourceTree = "<group>"; };
		85FE90DB23D3EC1200B99568 /* SimSessionManager.swift */ = {isa = PBXFileReference; lastKnownFileType = sourcecode.swift; path = SimSessionManager.swift; sourceTree = "<group>"; };
		85FE90DD23D404CF00B99568 /* BaseSessionManager.swift */ = {isa = PBXFileReference; lastKnownFileType = sourcecode.swift; path = BaseSessionManager.swift; sourceTree = "<group>"; };
		E5A4543CD303759A7D95F956 /* Pods-AbletrendTrader.release.xcconfig */ = {isa = PBXFileReference; includeInIndex = 1; lastKnownFileType = text.xcconfig; name = "Pods-AbletrendTrader.release.xcconfig"; path = "Target Support Files/Pods-AbletrendTrader/Pods-AbletrendTrader.release.xcconfig"; sourceTree = "<group>"; };
/* End PBXFileReference section */

/* Begin PBXFrameworksBuildPhase section */
		8592432323AC3EAF004CE61F /* Frameworks */ = {
			isa = PBXFrameworksBuildPhase;
			buildActionMask = 2147483647;
			files = (
				711AC8F5D49C3C0C53B19B09 /* Pods_AbletrendTrader.framework in Frameworks */,
			);
			runOnlyForDeploymentPostprocessing = 0;
		};
/* End PBXFrameworksBuildPhase section */

/* Begin PBXGroup section */
		85582AAF23B5DCB200DC16AC /* Frameworks */ = {
			isa = PBXGroup;
			children = (
				0C659A7266945B724F5A6D61 /* Pods_AbletrendTrader.framework */,
			);
			name = Frameworks;
			sourceTree = "<group>";
		};
		856D957D23B7FE19004A4385 /* IB */ = {
			isa = PBXGroup;
			children = (
				856D957E23B7FE32004A4385 /* SSOToken.swift */,
				856D958023B7FED3004A4385 /* AuthStatus.swift */,
				856D958223B8518A004A4385 /* Account.swift */,
				856D959523B95BE5004A4385 /* LiveOrdersResponse.swift */,
				856D958623B86039004A4385 /* LiveOrder.swift */,
				856D958823B866F1004A4385 /* ErrorResponse.swift */,
				856D95A823BB0635004A4385 /* Question.swift */,
				856D958423B85D88004A4385 /* IBTrade.swift */,
				856D95A523BAB259004A4385 /* IBPosition.swift */,
				854B14F623C4F9D50098A4E5 /* PlacedOrderResponse.swift */,
			);
			path = IB;
			sourceTree = "<group>";
		};
		856D958A23B87AEF004A4385 /* Builders */ = {
			isa = PBXGroup;
			children = (
				8592433923AC41C8004CE61F /* Parser.swift */,
				856D958B23B87B25004A4385 /* SSOTokenBuilder.swift */,
				856D959123B9411F004A4385 /* AuthStatusBuilder.swift */,
				856D959323B94154004A4385 /* AccountsBuilder.swift */,
				856D959723B95C15004A4385 /* LiveOrdersResponseBuilder.swift */,
				856D959923B964B3004A4385 /* OrderQuestionsBuilder.swift */,
				856D959B23B96DB9004A4385 /* IBTradesBuilder.swift */,
				856D95AB23BB0B78004A4385 /* ErrorResponseBuilder.swift */,
				856D95AD23BB0D70004A4385 /* IBPositionsBuilder.swift */,
				854B14F823C4FA780098A4E5 /* PlacedOrderResponseBuilder.swift */,
			);
			path = Builders;
			sourceTree = "<group>";
		};
		856D95B323BBE098004A4385 /* View Controllers */ = {
			isa = PBXGroup;
			children = (
				856D958F23B898FC004A4385 /* IBAuthViewController.swift */,
				8592432B23AC3EAF004CE61F /* SimTradingViewController.swift */,
				856D95A323BA8524004A4385 /* LiveTradingViewController.swift */,
				85C8CED723B7130B00E75F76 /* ConfigViewController.swift */,
				85C8CEDB23B7235300E75F76 /* ChartViewController.swift */,
				851BAB7223D92788000BC720 /* TradingLogViewController.swift */,
				859820552415E7BA00C5A317 /* NTSettingsViewController.swift */,
			);
			path = "View Controllers";
			sourceTree = "<group>";
		};
		8592431D23AC3EAF004CE61F = {
			isa = PBXGroup;
			children = (
				8592432823AC3EAF004CE61F /* AbletrendTrader */,
				8592432723AC3EAF004CE61F /* Products */,
				85582AAF23B5DCB200DC16AC /* Frameworks */,
				D9D68F7B4A7E048E4760FEA7 /* Pods */,
			);
			sourceTree = "<group>";
		};
		8592432723AC3EAF004CE61F /* Products */ = {
			isa = PBXGroup;
			children = (
				8592432623AC3EAF004CE61F /* AbletrendTrader.app */,
			);
			name = Products;
			sourceTree = "<group>";
		};
		8592432823AC3EAF004CE61F /* AbletrendTrader */ = {
			isa = PBXGroup;
			children = (
				8592433E23AC7A08004CE61F /* Extension */,
				8592433B23AC688F004CE61F /* Models */,
				8592435023ADE168004CE61F /* Logic */,
				856D95B323BBE098004A4385 /* View Controllers */,
				8592432923AC3EAF004CE61F /* AppDelegate.swift */,
				8592432F23AC3EB0004CE61F /* Main.storyboard */,
				8592432D23AC3EB0004CE61F /* Assets.xcassets */,
				8592433223AC3EB0004CE61F /* Info.plist */,
				8592433323AC3EB0004CE61F /* AbletrendTrader.entitlements */,
				8598205724168ECA00C5A317 /* DefaultSettings.plist */,
			);
			path = AbletrendTrader;
			sourceTree = "<group>";
		};
		8592433B23AC688F004CE61F /* Models */ = {
			isa = PBXGroup;
			children = (
				854A569F23CFD8D800904F11 /* DisplayNumberFormatter.swift */,
				856D958A23B87AEF004A4385 /* Builders */,
				856D957D23B7FE19004A4385 /* IB */,
				8592435A23B1559E004CE61F /* Trade */,
				8592435923B15571004CE61F /* Chart */,
			);
			path = Models;
			sourceTree = "<group>";
		};
		8592433E23AC7A08004CE61F /* Extension */ = {
			isa = PBXGroup;
			children = (
				8592433F23AC7A19004CE61F /* String+Extensions.swift */,
				8592434723AD9DA0004CE61F /* Date+Extensions.swift */,
				8592436023B55270004CE61F /* Double+Extensions.swift */,
			);
			path = Extension;
			sourceTree = "<group>";
		};
		8592435023ADE168004CE61F /* Logic */ = {
			isa = PBXGroup;
			children = (
				85FE90DD23D404CF00B99568 /* BaseSessionManager.swift */,
				85FE90DA23D3EBFB00B99568 /* Sim */,
				85FE90D723D3EA2D00B99568 /* NT */,
				85FE90D623D3EA2100B99568 /* IB */,
				8592435123ADE182004CE61F /* TraderBot.swift */,
				8592435E23B1E59E004CE61F /* ConfigurationManager.swift */,
				85582AB223B5E97800DC16AC /* ChartManager.swift */,
			);
			path = Logic;
			sourceTree = "<group>";
		};
		8592435923B15571004CE61F /* Chart */ = {
			isa = PBXGroup;
			children = (
				8592435323AF1AE4004CE61F /* Pullback.swift */,
				8592433C23AC689E004CE61F /* CandleStick.swift */,
				8592434123AD403E004CE61F /* Signal.swift */,
				8592434323AD9A97004CE61F /* PriceBar.swift */,
				8592434523AD9CBB004CE61F /* Chart.swift */,
				8592434C23ADABA7004CE61F /* Indicators.swift */,
			);
			path = Chart;
			sourceTree = "<group>";
		};
		8592435A23B1559E004CE61F /* Trade */ = {
			isa = PBXGroup;
			children = (
				8592434E23ADE06E004CE61F /* Trade.swift */,
				8592435523B00CC6004CE61F /* Position.swift */,
				8592435723B14DD5004CE61F /* StopLoss.swift */,
				856D959F23BA8152004A4385 /* Enums.swift */,
				854B14FA23C7A7D50098A4E5 /* OrderConfirmation.swift */,
				854A56A123D1745400904F11 /* NTOrderResponse.swift */,
				854A56A623D1854900904F11 /* PositionStatus.swift */,
				854A56A323D17F7E00904F11 /* TradesTableRowItem.swift */,
			);
			path = Trade;
			sourceTree = "<group>";
		};
		85FE90D623D3EA2100B99568 /* IB */ = {
			isa = PBXGroup;
			children = (
				856D95B423BBE180004A4385 /* IBSessionManager.swift */,
				856D957B23B73B04004A4385 /* IBManager.swift */,
			);
			path = IB;
			sourceTree = "<group>";
		};
		85FE90D723D3EA2D00B99568 /* NT */ = {
			isa = PBXGroup;
			children = (
				85FE90D823D3EA9900B99568 /* NTSessionManager.swift */,
				85C193B723CA6B6F00F7CE68 /* NTManager.swift */,
			);
			path = NT;
			sourceTree = "<group>";
		};
		85FE90DA23D3EBFB00B99568 /* Sim */ = {
			isa = PBXGroup;
			children = (
				85FE90DB23D3EC1200B99568 /* SimSessionManager.swift */,
			);
			path = Sim;
			sourceTree = "<group>";
		};
		D9D68F7B4A7E048E4760FEA7 /* Pods */ = {
			isa = PBXGroup;
			children = (
				7987637B8B2780B3C1E7F8FD /* Pods-AbletrendTrader.debug.xcconfig */,
				E5A4543CD303759A7D95F956 /* Pods-AbletrendTrader.release.xcconfig */,
			);
			path = Pods;
			sourceTree = "<group>";
		};
/* End PBXGroup section */

/* Begin PBXNativeTarget section */
		8592432523AC3EAF004CE61F /* AbletrendTrader */ = {
			isa = PBXNativeTarget;
			buildConfigurationList = 8592433623AC3EB0004CE61F /* Build configuration list for PBXNativeTarget "AbletrendTrader" */;
			buildPhases = (
				50551BE92836784E2AB67B4D /* [CP] Check Pods Manifest.lock */,
				8592432223AC3EAF004CE61F /* Sources */,
				8592432323AC3EAF004CE61F /* Frameworks */,
				8592432423AC3EAF004CE61F /* Resources */,
				B5505918F949365DA8889A83 /* [CP] Embed Pods Frameworks */,
			);
			buildRules = (
			);
			dependencies = (
			);
			name = AbletrendTrader;
			productName = AbletrendTrader;
			productReference = 8592432623AC3EAF004CE61F /* AbletrendTrader.app */;
			productType = "com.apple.product-type.application";
		};
/* End PBXNativeTarget section */

/* Begin PBXProject section */
		8592431E23AC3EAF004CE61F /* Project object */ = {
			isa = PBXProject;
			attributes = {
				LastSwiftUpdateCheck = 1130;
				LastUpgradeCheck = 1130;
				ORGANIZATIONNAME = LeonChen;
				TargetAttributes = {
					8592432523AC3EAF004CE61F = {
						CreatedOnToolsVersion = 11.3;
					};
				};
			};
			buildConfigurationList = 8592432123AC3EAF004CE61F /* Build configuration list for PBXProject "AbletrendTrader" */;
			compatibilityVersion = "Xcode 9.3";
			developmentRegion = en;
			hasScannedForEncodings = 0;
			knownRegions = (
				en,
				Base,
			);
			mainGroup = 8592431D23AC3EAF004CE61F;
			productRefGroup = 8592432723AC3EAF004CE61F /* Products */;
			projectDirPath = "";
			projectRoot = "";
			targets = (
				8592432523AC3EAF004CE61F /* AbletrendTrader */,
			);
		};
/* End PBXProject section */

/* Begin PBXResourcesBuildPhase section */
		8592432423AC3EAF004CE61F /* Resources */ = {
			isa = PBXResourcesBuildPhase;
			buildActionMask = 2147483647;
			files = (
				8592432E23AC3EB0004CE61F /* Assets.xcassets in Resources */,
				8592433123AC3EB0004CE61F /* Main.storyboard in Resources */,
				8598205824168ECA00C5A317 /* DefaultSettings.plist in Resources */,
			);
			runOnlyForDeploymentPostprocessing = 0;
		};
/* End PBXResourcesBuildPhase section */

/* Begin PBXShellScriptBuildPhase section */
		50551BE92836784E2AB67B4D /* [CP] Check Pods Manifest.lock */ = {
			isa = PBXShellScriptBuildPhase;
			buildActionMask = 2147483647;
			files = (
			);
			inputFileListPaths = (
			);
			inputPaths = (
				"${PODS_PODFILE_DIR_PATH}/Podfile.lock",
				"${PODS_ROOT}/Manifest.lock",
			);
			name = "[CP] Check Pods Manifest.lock";
			outputFileListPaths = (
			);
			outputPaths = (
				"$(DERIVED_FILE_DIR)/Pods-AbletrendTrader-checkManifestLockResult.txt",
			);
			runOnlyForDeploymentPostprocessing = 0;
			shellPath = /bin/sh;
			shellScript = "diff \"${PODS_PODFILE_DIR_PATH}/Podfile.lock\" \"${PODS_ROOT}/Manifest.lock\" > /dev/null\nif [ $? != 0 ] ; then\n    # print error to STDERR\n    echo \"error: The sandbox is not in sync with the Podfile.lock. Run 'pod install' or update your CocoaPods installation.\" >&2\n    exit 1\nfi\n# This output is used by Xcode 'outputs' to avoid re-running this script phase.\necho \"SUCCESS\" > \"${SCRIPT_OUTPUT_FILE_0}\"\n";
			showEnvVarsInLog = 0;
		};
		B5505918F949365DA8889A83 /* [CP] Embed Pods Frameworks */ = {
			isa = PBXShellScriptBuildPhase;
			buildActionMask = 2147483647;
			files = (
			);
			inputFileListPaths = (
				"${PODS_ROOT}/Target Support Files/Pods-AbletrendTrader/Pods-AbletrendTrader-frameworks-${CONFIGURATION}-input-files.xcfilelist",
			);
			name = "[CP] Embed Pods Frameworks";
			outputFileListPaths = (
				"${PODS_ROOT}/Target Support Files/Pods-AbletrendTrader/Pods-AbletrendTrader-frameworks-${CONFIGURATION}-output-files.xcfilelist",
			);
			runOnlyForDeploymentPostprocessing = 0;
			shellPath = /bin/sh;
			shellScript = "\"${PODS_ROOT}/Target Support Files/Pods-AbletrendTrader/Pods-AbletrendTrader-frameworks.sh\"\n";
			showEnvVarsInLog = 0;
		};
/* End PBXShellScriptBuildPhase section */

/* Begin PBXSourcesBuildPhase section */
		8592432223AC3EAF004CE61F /* Sources */ = {
			isa = PBXSourcesBuildPhase;
			buildActionMask = 2147483647;
			files = (
				8592435823B14DD5004CE61F /* StopLoss.swift in Sources */,
				856D958123B7FED3004A4385 /* AuthStatus.swift in Sources */,
				854A56A523D183FD00904F11 /* NTOrderResponse.swift in Sources */,
				85FE90DE23D404CF00B99568 /* BaseSessionManager.swift in Sources */,
				854B14F923C4FA780098A4E5 /* PlacedOrderResponseBuilder.swift in Sources */,
				856D959623B95BE5004A4385 /* LiveOrdersResponse.swift in Sources */,
				854B14FB23C7A7D50098A4E5 /* OrderConfirmation.swift in Sources */,
				856D959823B95C15004A4385 /* LiveOrdersResponseBuilder.swift in Sources */,
				8592434623AD9CBB004CE61F /* Chart.swift in Sources */,
				856D95A623BAB259004A4385 /* IBPosition.swift in Sources */,
				856D958C23B87B25004A4385 /* SSOTokenBuilder.swift in Sources */,
				8592434023AC7A19004CE61F /* String+Extensions.swift in Sources */,
				856D957F23B7FE32004A4385 /* SSOToken.swift in Sources */,
				854A56A723D1854900904F11 /* PositionStatus.swift in Sources */,
				8592434F23ADE06E004CE61F /* Trade.swift in Sources */,
				8592434823AD9DA0004CE61F /* Date+Extensions.swift in Sources */,
				859820562415E7BA00C5A317 /* NTSettingsViewController.swift in Sources */,
				8592434223AD403E004CE61F /* Signal.swift in Sources */,
				854A56A023CFD8D800904F11 /* DisplayNumberFormatter.swift in Sources */,
				8592434423AD9A97004CE61F /* PriceBar.swift in Sources */,
				856D959223B9411F004A4385 /* AuthStatusBuilder.swift in Sources */,
				85C8CEDC23B7235300E75F76 /* ChartViewController.swift in Sources */,
				8592432C23AC3EAF004CE61F /* SimTradingViewController.swift in Sources */,
				8592435623B00CC6004CE61F /* Position.swift in Sources */,
				851BAB7323D92788000BC720 /* TradingLogViewController.swift in Sources */,
				8592435F23B1E59E004CE61F /* ConfigurationManager.swift in Sources */,
				856D95A423BA8525004A4385 /* LiveTradingViewController.swift in Sources */,
				856D95A023BA8152004A4385 /* Enums.swift in Sources */,
				85FE90D923D3EA9A00B99568 /* NTSessionManager.swift in Sources */,
				856D95AE23BB0D70004A4385 /* IBPositionsBuilder.swift in Sources */,
				854B14F723C4F9D50098A4E5 /* PlacedOrderResponse.swift in Sources */,
				8592435423AF1AE4004CE61F /* Pullback.swift in Sources */,
				856D958723B86039004A4385 /* LiveOrder.swift in Sources */,
				85FE90DC23D3EC1200B99568 /* SimSessionManager.swift in Sources */,
				856D958523B85D88004A4385 /* IBTrade.swift in Sources */,
				856D959C23B96DB9004A4385 /* IBTradesBuilder.swift in Sources */,
				856D95A923BB0635004A4385 /* Question.swift in Sources */,
				8592436123B55270004CE61F /* Double+Extensions.swift in Sources */,
				8592433D23AC689E004CE61F /* CandleStick.swift in Sources */,
				856D957C23B73B04004A4385 /* IBManager.swift in Sources */,
				85582AB323B5E97800DC16AC /* ChartManager.swift in Sources */,
				856D959423B94154004A4385 /* AccountsBuilder.swift in Sources */,
				856D959023B898FC004A4385 /* IBAuthViewController.swift in Sources */,
				8592434D23ADABA7004CE61F /* Indicators.swift in Sources */,
				856D958323B8518A004A4385 /* Account.swift in Sources */,
				856D95AC23BB0B78004A4385 /* ErrorResponseBuilder.swift in Sources */,
				856D95B523BBE180004A4385 /* IBSessionManager.swift in Sources */,
				8592432A23AC3EAF004CE61F /* AppDelegate.swift in Sources */,
				8592435223ADE182004CE61F /* TraderBot.swift in Sources */,
				856D958923B866F1004A4385 /* ErrorResponse.swift in Sources */,
				85C193B823CA6B6F00F7CE68 /* NTManager.swift in Sources */,
				854A56A423D17F7E00904F11 /* TradesTableRowItem.swift in Sources */,
				856D959A23B964B3004A4385 /* OrderQuestionsBuilder.swift in Sources */,
				85C8CED823B7130B00E75F76 /* ConfigViewController.swift in Sources */,
				8592433A23AC41C8004CE61F /* Parser.swift in Sources */,
			);
			runOnlyForDeploymentPostprocessing = 0;
		};
/* End PBXSourcesBuildPhase section */

/* Begin PBXVariantGroup section */
		8592432F23AC3EB0004CE61F /* Main.storyboard */ = {
			isa = PBXVariantGroup;
			children = (
				8592433023AC3EB0004CE61F /* Base */,
			);
			name = Main.storyboard;
			sourceTree = "<group>";
		};
/* End PBXVariantGroup section */

/* Begin XCBuildConfiguration section */
		8592433423AC3EB0004CE61F /* Debug */ = {
			isa = XCBuildConfiguration;
			buildSettings = {
				ALWAYS_SEARCH_USER_PATHS = NO;
				CLANG_ANALYZER_NONNULL = YES;
				CLANG_ANALYZER_NUMBER_OBJECT_CONVERSION = YES_AGGRESSIVE;
				CLANG_CXX_LANGUAGE_STANDARD = "gnu++14";
				CLANG_CXX_LIBRARY = "libc++";
				CLANG_ENABLE_MODULES = YES;
				CLANG_ENABLE_OBJC_ARC = YES;
				CLANG_ENABLE_OBJC_WEAK = YES;
				CLANG_WARN_BLOCK_CAPTURE_AUTORELEASING = YES;
				CLANG_WARN_BOOL_CONVERSION = YES;
				CLANG_WARN_COMMA = YES;
				CLANG_WARN_CONSTANT_CONVERSION = YES;
				CLANG_WARN_DEPRECATED_OBJC_IMPLEMENTATIONS = YES;
				CLANG_WARN_DIRECT_OBJC_ISA_USAGE = YES_ERROR;
				CLANG_WARN_DOCUMENTATION_COMMENTS = YES;
				CLANG_WARN_EMPTY_BODY = YES;
				CLANG_WARN_ENUM_CONVERSION = YES;
				CLANG_WARN_INFINITE_RECURSION = YES;
				CLANG_WARN_INT_CONVERSION = YES;
				CLANG_WARN_NON_LITERAL_NULL_CONVERSION = YES;
				CLANG_WARN_OBJC_IMPLICIT_RETAIN_SELF = YES;
				CLANG_WARN_OBJC_LITERAL_CONVERSION = YES;
				CLANG_WARN_OBJC_ROOT_CLASS = YES_ERROR;
				CLANG_WARN_RANGE_LOOP_ANALYSIS = YES;
				CLANG_WARN_STRICT_PROTOTYPES = YES;
				CLANG_WARN_SUSPICIOUS_MOVE = YES;
				CLANG_WARN_UNGUARDED_AVAILABILITY = YES_AGGRESSIVE;
				CLANG_WARN_UNREACHABLE_CODE = YES;
				CLANG_WARN__DUPLICATE_METHOD_MATCH = YES;
				COPY_PHASE_STRIP = NO;
				DEBUG_INFORMATION_FORMAT = dwarf;
				ENABLE_STRICT_OBJC_MSGSEND = YES;
				ENABLE_TESTABILITY = YES;
				GCC_C_LANGUAGE_STANDARD = gnu11;
				GCC_DYNAMIC_NO_PIC = NO;
				GCC_NO_COMMON_BLOCKS = YES;
				GCC_OPTIMIZATION_LEVEL = 0;
				GCC_PREPROCESSOR_DEFINITIONS = (
					"DEBUG=1",
					"$(inherited)",
				);
				GCC_WARN_64_TO_32_BIT_CONVERSION = YES;
				GCC_WARN_ABOUT_RETURN_TYPE = YES_ERROR;
				GCC_WARN_UNDECLARED_SELECTOR = YES;
				GCC_WARN_UNINITIALIZED_AUTOS = YES_AGGRESSIVE;
				GCC_WARN_UNUSED_FUNCTION = YES;
				GCC_WARN_UNUSED_VARIABLE = YES;
				MACOSX_DEPLOYMENT_TARGET = 10.14;
				MTL_ENABLE_DEBUG_INFO = INCLUDE_SOURCE;
				MTL_FAST_MATH = YES;
				ONLY_ACTIVE_ARCH = YES;
				SDKROOT = macosx;
				SWIFT_ACTIVE_COMPILATION_CONDITIONS = DEBUG;
				SWIFT_OPTIMIZATION_LEVEL = "-Onone";
			};
			name = Debug;
		};
		8592433523AC3EB0004CE61F /* Release */ = {
			isa = XCBuildConfiguration;
			buildSettings = {
				ALWAYS_SEARCH_USER_PATHS = NO;
				CLANG_ANALYZER_NONNULL = YES;
				CLANG_ANALYZER_NUMBER_OBJECT_CONVERSION = YES_AGGRESSIVE;
				CLANG_CXX_LANGUAGE_STANDARD = "gnu++14";
				CLANG_CXX_LIBRARY = "libc++";
				CLANG_ENABLE_MODULES = YES;
				CLANG_ENABLE_OBJC_ARC = YES;
				CLANG_ENABLE_OBJC_WEAK = YES;
				CLANG_WARN_BLOCK_CAPTURE_AUTORELEASING = YES;
				CLANG_WARN_BOOL_CONVERSION = YES;
				CLANG_WARN_COMMA = YES;
				CLANG_WARN_CONSTANT_CONVERSION = YES;
				CLANG_WARN_DEPRECATED_OBJC_IMPLEMENTATIONS = YES;
				CLANG_WARN_DIRECT_OBJC_ISA_USAGE = YES_ERROR;
				CLANG_WARN_DOCUMENTATION_COMMENTS = YES;
				CLANG_WARN_EMPTY_BODY = YES;
				CLANG_WARN_ENUM_CONVERSION = YES;
				CLANG_WARN_INFINITE_RECURSION = YES;
				CLANG_WARN_INT_CONVERSION = YES;
				CLANG_WARN_NON_LITERAL_NULL_CONVERSION = YES;
				CLANG_WARN_OBJC_IMPLICIT_RETAIN_SELF = YES;
				CLANG_WARN_OBJC_LITERAL_CONVERSION = YES;
				CLANG_WARN_OBJC_ROOT_CLASS = YES_ERROR;
				CLANG_WARN_RANGE_LOOP_ANALYSIS = YES;
				CLANG_WARN_STRICT_PROTOTYPES = YES;
				CLANG_WARN_SUSPICIOUS_MOVE = YES;
				CLANG_WARN_UNGUARDED_AVAILABILITY = YES_AGGRESSIVE;
				CLANG_WARN_UNREACHABLE_CODE = YES;
				CLANG_WARN__DUPLICATE_METHOD_MATCH = YES;
				COPY_PHASE_STRIP = NO;
				DEBUG_INFORMATION_FORMAT = "dwarf-with-dsym";
				ENABLE_NS_ASSERTIONS = NO;
				ENABLE_STRICT_OBJC_MSGSEND = YES;
				GCC_C_LANGUAGE_STANDARD = gnu11;
				GCC_NO_COMMON_BLOCKS = YES;
				GCC_WARN_64_TO_32_BIT_CONVERSION = YES;
				GCC_WARN_ABOUT_RETURN_TYPE = YES_ERROR;
				GCC_WARN_UNDECLARED_SELECTOR = YES;
				GCC_WARN_UNINITIALIZED_AUTOS = YES_AGGRESSIVE;
				GCC_WARN_UNUSED_FUNCTION = YES;
				GCC_WARN_UNUSED_VARIABLE = YES;
				MACOSX_DEPLOYMENT_TARGET = 10.14;
				MTL_ENABLE_DEBUG_INFO = NO;
				MTL_FAST_MATH = YES;
				SDKROOT = macosx;
				SWIFT_COMPILATION_MODE = wholemodule;
				SWIFT_OPTIMIZATION_LEVEL = "-O";
			};
			name = Release;
		};
		8592433723AC3EB0004CE61F /* Debug */ = {
			isa = XCBuildConfiguration;
			baseConfigurationReference = 7987637B8B2780B3C1E7F8FD /* Pods-AbletrendTrader.debug.xcconfig */;
			buildSettings = {
				ASSETCATALOG_COMPILER_APPICON_NAME = AppIcon;
				CODE_SIGN_ENTITLEMENTS = AbletrendTrader/AbletrendTrader.entitlements;
				CODE_SIGN_IDENTITY = "Apple Development";
				CODE_SIGN_STYLE = Automatic;
				COMBINE_HIDPI_IMAGES = YES;
				DEVELOPMENT_TEAM = 7NR72SBAS5;
				ENABLE_HARDENED_RUNTIME = YES;
				INFOPLIST_FILE = AbletrendTrader/Info.plist;
				LD_RUNPATH_SEARCH_PATHS = (
					"$(inherited)",
					"@executable_path/../Frameworks",
				);
				PRODUCT_BUNDLE_IDENTIFIER = com.leonchen.AbletrendTrader;
				PRODUCT_NAME = "$(TARGET_NAME)";
				SWIFT_VERSION = 5.0;
			};
			name = Debug;
		};
		8592433823AC3EB0004CE61F /* Release */ = {
			isa = XCBuildConfiguration;
			baseConfigurationReference = E5A4543CD303759A7D95F956 /* Pods-AbletrendTrader.release.xcconfig */;
			buildSettings = {
				ASSETCATALOG_COMPILER_APPICON_NAME = AppIcon;
				CODE_SIGN_ENTITLEMENTS = AbletrendTrader/AbletrendTrader.entitlements;
				CODE_SIGN_STYLE = Automatic;
				COMBINE_HIDPI_IMAGES = YES;
				DEVELOPMENT_TEAM = 7NR72SBAS5;
				ENABLE_HARDENED_RUNTIME = YES;
				INFOPLIST_FILE = AbletrendTrader/Info.plist;
				LD_RUNPATH_SEARCH_PATHS = (
					"$(inherited)",
					"@executable_path/../Frameworks",
				);
				PRODUCT_BUNDLE_IDENTIFIER = com.leonchen.AbletrendTrader;
				PRODUCT_NAME = "$(TARGET_NAME)";
				SWIFT_VERSION = 5.0;
			};
			name = Release;
		};
/* End XCBuildConfiguration section */

/* Begin XCConfigurationList section */
		8592432123AC3EAF004CE61F /* Build configuration list for PBXProject "AbletrendTrader" */ = {
			isa = XCConfigurationList;
			buildConfigurations = (
				8592433423AC3EB0004CE61F /* Debug */,
				8592433523AC3EB0004CE61F /* Release */,
			);
			defaultConfigurationIsVisible = 0;
			defaultConfigurationName = Release;
		};
		8592433623AC3EB0004CE61F /* Build configuration list for PBXNativeTarget "AbletrendTrader" */ = {
			isa = XCConfigurationList;
			buildConfigurations = (
				8592433723AC3EB0004CE61F /* Debug */,
				8592433823AC3EB0004CE61F /* Release */,
			);
			defaultConfigurationIsVisible = 0;
			defaultConfigurationName = Release;
		};
/* End XCConfigurationList section */
	};
	rootObject = 8592431E23AC3EAF004CE61F /* Project object */;
}
